
Microsoft Visual Studio Solution File, Format Version 12.00
# Visual Studio Version 17
VisualStudioVersion = 17.10.35122.118
MinimumVisualStudioVersion = 10.0.40219.1
Project("{FAE04EC0-301F-11D3-BF4B-00C04F79EFBC}") = "WindowsFormsApp_E_Commerce_System", "WindowsFormsApp_E_Commerce_System\WindowsFormsApp_E_Commerce_System.csproj", "{769F81B5-9ACB-4775-AF53-5E9AF5B7E0E8}"
EndProject
Global
	GlobalSection(SolutionConfigurationPlatforms) = preSolution
		Debug|Any CPU = Debug|Any CPU
		Release|Any CPU = Release|Any CPU
	EndGlobalSection
	GlobalSection(ProjectConfigurationPlatforms) = postSolution
		{769F81B5-9ACB-4775-AF53-5E9AF5B7E0E8}.Debug|Any CPU.ActiveCfg = Debug|Any CPU
		{769F81B5-9ACB-4775-AF53-5E9AF5B7E0E8}.Debug|Any CPU.Build.0 = Debug|Any CPU
		{769F81B5-9ACB-4775-AF53-5E9AF5B7E0E8}.Release|Any CPU.ActiveCfg = Release|Any CPU
		{769F81B5-9ACB-4775-AF53-5E9AF5B7E0E8}.Release|Any CPU.Build.0 = Release|Any CPU
	EndGlobalSection
	GlobalSection(SolutionProperties) = preSolution
		HideSolutionNode = FALSE
	EndGlobalSection
	GlobalSection(ExtensibilityGlobals) = postSolution
		SolutionGuid = {0C2093D1-3B42-4E92-978D-0444BC37B9A1}
	EndGlobalSection
EndGlobal
